
Microsoft Visual Studio Solution File, Format Version 12.00
Project("{FAE04EC0-301F-11D3-BF4B-00C04F79EFBC}") = "WebApi", "src\WebApi\WebApi.csproj", "{7DA7E1DB-AC8A-45DB-AC65-9EE523757ED0}"
EndProject
Project("{FAE04EC0-301F-11D3-BF4B-00C04F79EFBC}") = "ChatCopilot.UnitTests", "test\ChatCopilot.UnitTests\ChatCopilot.UnitTests.csproj", "{D373DAE7-7E68-41CC-B507-C9C9D6E82724}"
EndProject
Project("{2150E333-8FDC-42A3-9474-1A3956D46DE8}") = "src", "src", "{4996FF16-27C3-4583-A720-AF831F823FB3}"
EndProject
Project("{2150E333-8FDC-42A3-9474-1A3956D46DE8}") = "test", "test", "{28128DD1-10DC-418B-B15D-3514EFDFE175}"
EndProject
Project("{FAE04EC0-301F-11D3-BF4B-00C04F79EFBC}") = "Application", "src\Application\Application.csproj", "{9C2CE2DC-6C19-454C-B85A-1518B8586B14}"
EndProject
Global
	GlobalSection(SolutionConfigurationPlatforms) = preSolution
		Debug|Any CPU = Debug|Any CPU
		Release|Any CPU = Release|Any CPU
	EndGlobalSection
	GlobalSection(ProjectConfigurationPlatforms) = postSolution
		{7DA7E1DB-AC8A-45DB-AC65-9EE523757ED0}.Debug|Any CPU.ActiveCfg = Debug|Any CPU
		{7DA7E1DB-AC8A-45DB-AC65-9EE523757ED0}.Debug|Any CPU.Build.0 = Debug|Any CPU
		{7DA7E1DB-AC8A-45DB-AC65-9EE523757ED0}.Release|Any CPU.ActiveCfg = Release|Any CPU
		{7DA7E1DB-AC8A-45DB-AC65-9EE523757ED0}.Release|Any CPU.Build.0 = Release|Any CPU
		{D373DAE7-7E68-41CC-B507-C9C9D6E82724}.Debug|Any CPU.ActiveCfg = Debug|Any CPU
		{D373DAE7-7E68-41CC-B507-C9C9D6E82724}.Debug|Any CPU.Build.0 = Debug|Any CPU
		{D373DAE7-7E68-41CC-B507-C9C9D6E82724}.Release|Any CPU.ActiveCfg = Release|Any CPU
		{D373DAE7-7E68-41CC-B507-C9C9D6E82724}.Release|Any CPU.Build.0 = Release|Any CPU
		{9C2CE2DC-6C19-454C-B85A-1518B8586B14}.Debug|Any CPU.ActiveCfg = Debug|Any CPU
		{9C2CE2DC-6C19-454C-B85A-1518B8586B14}.Debug|Any CPU.Build.0 = Debug|Any CPU
		{9C2CE2DC-6C19-454C-B85A-1518B8586B14}.Release|Any CPU.ActiveCfg = Release|Any CPU
		{9C2CE2DC-6C19-454C-B85A-1518B8586B14}.Release|Any CPU.Build.0 = Release|Any CPU
	EndGlobalSection
	GlobalSection(NestedProjects) = preSolution
		{7DA7E1DB-AC8A-45DB-AC65-9EE523757ED0} = {4996FF16-27C3-4583-A720-AF831F823FB3}
		{D373DAE7-7E68-41CC-B507-C9C9D6E82724} = {28128DD1-10DC-418B-B15D-3514EFDFE175}
		{9C2CE2DC-6C19-454C-B85A-1518B8586B14} = {4996FF16-27C3-4583-A720-AF831F823FB3}
	EndGlobalSection
EndGlobal
